{
  "requires": true,
  "lockfileVersion": 1,
  "dependencies": {
    "bluebird": {
      "version": "3.5.3",
      "resolved": "https://registry.npmjs.org/bluebird/-/bluebird-3.5.3.tgz",
      "integrity": "sha512-/qKPUQlaW1OyR51WeCPBvRnAlnZFUJkCSG5HzGnuIqhgyJtF+T94lFnn33eiazjRm2LAHVy2guNnaq48X9SJuw=="
    },
    "frotz-interfacer": {
      "version": "1.4.1",
      "resolved": "https://registry.npmjs.org/frotz-interfacer/-/frotz-interfacer-1.4.1.tgz",
      "integrity": "sha1-xSljynHeA10ST8bGL2QSm13W1fM=",
      "requires": {
        "bluebird": "^3.4.1"
      }
    },
    "iconv": {
      "version": "2.3.2",
      "resolved": "https://registry.npmjs.org/iconv/-/iconv-2.3.2.tgz",
      "integrity": "sha512-BDZ6vxEFhU6oWrtKEsEREMrxjDn2FccWHVMicUrgq3Ngij9jvh/jsP90K1UbMIavagkJ7EOagr+cJh8P9Jq5Qw==",
      "requires": {
        "nan": "^2.11.1",
        "safer-buffer": "^2.1.2"
      }
    },
    "nan": {
      "version": "2.12.1",
      "resolved": "https://registry.npmjs.org/nan/-/nan-2.12.1.tgz",
      "integrity": "sha512-JY7V6lRkStKcKTvHO5NVSQRv+RV+FIL5pvDoLiAtSL9pKlC5x9PKQcZDsq7m4FO4d57mkhC6Z+QhAh3Jdk5JFw=="
    },
    "node-frotz": {
      "version": "0.5.0",
      "resolved": "https://registry.npmjs.org/node-frotz/-/node-frotz-0.5.0.tgz",
      "integrity": "sha1-mBGUS4THkzpWXGNdwpHmQdX5L9M=",
      "requires": {
        "iconv": "^2.2.0"
      }
    },
    "safer-buffer": {
      "version": "2.1.2",
      "resolved": "https://registry.npmjs.org/safer-buffer/-/safer-buffer-2.1.2.tgz",
      "integrity": "sha512-YZo3K82SD7Riyi0E1EQPojLz7kpepnSQI9IyPbHHg1XXXevb5dJI7tpyN2ADxGcQbHG7vcyRHk0cbwqcQriUtg=="
    }
  }
}
